# -------------------------------------------------------------------------- #
#
# Copyright (C) 1991-2009 Altera Corporation
# Your use of Altera Corporation's design tools, logic functions 
# and other software and tools, and its AMPP partner logic 
# functions, and any output files from any of the foregoing 
# (including device programming or simulation files), and any 
# associated documentation or information are expressly subject 
# to the terms and conditions of the Altera Program License 
# Subscription Agreement, Altera MegaCore Function License 
# Agreement, or other applicable license agreement, including, 
# without limitation, that your use is for the sole purpose of 
# programming logic devices manufactured by Altera and sold by 
# Altera or its authorized distributors.  Please refer to the 
# applicable agreement for further details.
#
# -------------------------------------------------------------------------- #
#
# Quartus II
# Version 9.0 Build 235 06/17/2009 Service Pack 2 SJ Web Edition
# Date created = 23:57:37  October 27, 2025
#
# -------------------------------------------------------------------------- #
#
# Notes:
#
# 1) The default values for assignments are stored in the file:
#		KeyScanning_assignment_defaults.qdf
#    If this file doesn't exist, see file:
#		assignment_defaults.qdf
#
# 2) Altera recommends that you do not modify this file. This
#    file is updated automatically by the Quartus II software
#    and any changes you make may be lost or overwritten.
#
# -------------------------------------------------------------------------- #


set_global_assignment -name FAMILY Cyclone
set_global_assignment -name DEVICE EP1C3T144C8
set_global_assignment -name TOP_LEVEL_ENTITY main
set_global_assignment -name ORIGINAL_QUARTUS_VERSION "9.0 SP2"
set_global_assignment -name PROJECT_CREATION_TIME_DATE "23:57:37  OCTOBER 27, 2025"
set_global_assignment -name LAST_QUARTUS_VERSION "9.0 SP2"
set_global_assignment -name USE_GENERATED_PHYSICAL_CONSTRAINTS OFF -section_id eda_blast_fpga
set_global_assignment -name MIN_CORE_JUNCTION_TEMP 0
set_global_assignment -name MAX_CORE_JUNCTION_TEMP 85
set_global_assignment -name MISC_FILE "C:/Users/Ma Yuxuan/Desktop/KeyScanning/KeyScanning.dpf"
set_global_assignment -name STRATIX_DEVICE_IO_STANDARD "3.3-V LVTTL"
set_location_assignment PIN_16 -to OSC
set_location_assignment PIN_41 -to DE1
set_location_assignment PIN_42 -to DE2
set_location_assignment PIN_47 -to DE3
set_location_assignment PIN_51 -to PK1_
set_location_assignment PIN_52 -to PK2_
set_location_assignment PIN_53 -to PK3_
set_location_assignment PIN_28 -to LED12
set_location_assignment PIN_98 -to ACOM
set_location_assignment PIN_134 -to C1
set_location_assignment PIN_133 -to C2
set_location_assignment PIN_132 -to C3
set_location_assignment PIN_131 -to C4
set_location_assignment PIN_130 -to C5
set_location_assignment PIN_129 -to C6
set_location_assignment PIN_128 -to C7
set_location_assignment PIN_127 -to C8
set_location_assignment PIN_139 -to ROW8
set_location_assignment PIN_140 -to ROW7
set_location_assignment PIN_141 -to ROW6
set_location_assignment PIN_142 -to ROW5
set_location_assignment PIN_143 -to ROW4
set_location_assignment PIN_144 -to ROW3
set_location_assignment PIN_91 -to ROW2
set_location_assignment PIN_85 -to ROW1
set_global_assignment -name INCREMENTAL_VECTOR_INPUT_SOURCE main.vwf
set_global_assignment -name SIMULATION_MODE FUNCTIONAL
set_location_assignment PIN_54 -to sound
set_location_assignment PIN_55 -to SW1
set_location_assignment PIN_126 -to CG1
set_location_assignment PIN_125 -to CG2
set_location_assignment PIN_124 -to CG3
set_location_assignment PIN_123 -to CG4
set_location_assignment PIN_122 -to CG5
set_location_assignment PIN_121 -to CG6
set_location_assignment PIN_120 -to CG7
set_location_assignment PIN_119 -to CG8
set_location_assignment PIN_56 -to SW2
set_location_assignment PIN_57 -to SW3
set_global_assignment -name MIF_FILE Data_Shift.mif
set_global_assignment -name MIF_FILE Data.mif
set_global_assignment -name BDF_FILE FrequencyDivider.bdf
set_global_assignment -name BDF_FILE main.bdf
set_global_assignment -name QIP_FILE lpm_rom0.qip
set_global_assignment -name VECTOR_WAVEFORM_FILE main.vwf
set_global_assignment -name QIP_FILE lpm_rom1.qip
set_global_assignment -name BDF_FILE Key.bdf
set_global_assignment -name BDF_FILE test.bdf
set_global_assignment -name MIF_FILE Data_24.mif
set_global_assignment -name MIF_FILE Data_Shift_24.mif
set_global_assignment -name QIP_FILE lpm_rom2.qip
set_location_assignment PIN_62 -to SW8
set_global_assignment -name PARTITION_NETLIST_TYPE SOURCE -section_id Top
set_global_assignment -name PARTITION_COLOR 16764057 -section_id Top
set_global_assignment -name LL_ROOT_REGION ON -section_id "Root Region"
set_global_assignment -name LL_MEMBER_STATE LOCKED -section_id "Root Region"
set_instance_assignment -name PARTITION_HIERARCHY root_partition -to | -section_id Top
set_global_assignment -name MIF_FILE myx.mif
set_global_assignment -name MIF_FILE Data_16.mif
set_global_assignment -name MIF_FILE Data_Shift_16.mif
set_global_assignment -name QIP_FILE lpm_bustri0.qip
set_location_assignment PIN_58 -to SW4
set_location_assignment PIN_59 -to SW5
set_global_assignment -name MIF_FILE heart.mif
set_global_assignment -name MISC_FILE "C:/Users/Ma Yuxuan/Desktop/KeyScanning - 副本/KeyScanning.dpf"
set_global_assignment -name QIP_FILE lpm_rom3.qip
set_location_assignment PIN_61 -to SW7
set_global_assignment -name MISC_FILE "C:/Users/Ma Yuxuan/Desktop/KeyScanning -最终/KeyScanning.dpf"
set_global_assignment -name MISC_FILE "C:/Users/Ma Yuxuan/Desktop/KeyScanning -最终优化版/KeyScanning.dpf"